
Microsoft Visual Studio Solution File, Format Version 11.00
# Visual Studio 2010
Project("{8BC9CEB8-8B4A-11D0-8D11-00A0C91BC942}") = "foo_playlists_sort", "foo_playlists_sort.vcxproj", "{FEAAF4C0-85ED-42EE-933F-75F36440285B}"
EndProject
Global
	GlobalSection(SolutionConfigurationPlatforms) = preSolution
		Debug|Win32 = Debug|Win32
		Release|Win32 = Release|Win32
	EndGlobalSection
	GlobalSection(ProjectConfigurationPlatforms) = postSolution
		{FEAAF4C0-85ED-42EE-933F-75F36440285B}.Debug|Win32.ActiveCfg = Debug|Win32
		{FEAAF4C0-85ED-42EE-933F-75F36440285B}.Debug|Win32.Build.0 = Debug|Win32
		{FEAAF4C0-85ED-42EE-933F-75F36440285B}.Release|Win32.ActiveCfg = Release|Win32
		{FEAAF4C0-85ED-42EE-933F-75F36440285B}.Release|Win32.Build.0 = Release|Win32
	EndGlobalSection
	GlobalSection(SolutionProperties) = preSolution
		HideSolutionNode = FALSE
	EndGlobalSection
EndGlobal
